
Microsoft Visual Studio Solution File, Format Version 12.00
# Visual Studio 14
VisualStudioVersion = 14.0.25420.1
MinimumVisualStudioVersion = 10.0.40219.1
Project("{8BC9CEB8-8B4A-11D0-8D11-00A0C91BC942}") = "Week_1", "Week_1\Week_1.vcxproj", "{39B53E73-E316-426B-9A34-71E226FB3863}"
EndProject
Global
	GlobalSection(SolutionConfigurationPlatforms) = preSolution
		Debug|x64 = Debug|x64
		Debug|x86 = Debug|x86
		Release|x64 = Release|x64
		Release|x86 = Release|x86
	EndGlobalSection
	GlobalSection(ProjectConfigurationPlatforms) = postSolution
		{39B53E73-E316-426B-9A34-71E226FB3863}.Debug|x64.ActiveCfg = Debug|x64
		{39B53E73-E316-426B-9A34-71E226FB3863}.Debug|x64.Build.0 = Debug|x64
		{39B53E73-E316-426B-9A34-71E226FB3863}.Debug|x86.ActiveCfg = Debug|Win32
		{39B53E73-E316-426B-9A34-71E226FB3863}.Debug|x86.Build.0 = Debug|Win32
		{39B53E73-E316-426B-9A34-71E226FB3863}.Release|x64.ActiveCfg = Release|x64
		{39B53E73-E316-426B-9A34-71E226FB3863}.Release|x64.Build.0 = Release|x64
		{39B53E73-E316-426B-9A34-71E226FB3863}.Release|x86.ActiveCfg = Release|Win32
		{39B53E73-E316-426B-9A34-71E226FB3863}.Release|x86.Build.0 = Release|Win32
	EndGlobalSection
	GlobalSection(SolutionProperties) = preSolution
		HideSolutionNode = FALSE
	EndGlobalSection
EndGlobal
